github.com/alessiosavi/ahocorasick v0.0.3 h1:Acuo/zgVEYNI++xfuXlggMxn4+76R7NvxxI8xg+Hj7o=
github.com/alessiosavi/ahocorasick v0.0.3/go.mod h1:GlX7JXZTgFoEccsMg5JZVpjoe+NW7Nk+3b5ldtGP5oU=
github.com/aws/aws-sdk-go-v2 v1.17.3 h1:shN7NlnVzvDUgPQ+1rLMSxY8OWRNDRYtiqe0p/PgrhY=
github.com/aws/aws-sdk-go-v2 v1.17.3/go.mod h1:uzbQtefpm44goOPmdKyAlXSNcwlRgF3ePWVW6EtJvvw=
github.com/aws/aws-sdk-go-v2/aws/protocol/eventstream v1.4.10 h1:dK82zF6kkPeCo8J1e+tGx4JdvDIQzj7ygIoLg8WMuGs=
github.com/aws/aws-sdk-go-v2/aws/protocol/eventstream v1.4.10/go.mod h1:VeTZetY5KRJLuD/7fkQXMU6Mw7H5m/KP2J5Iy9osMno=
github.com/aws/aws-sdk-go-v2/config v1.18.7 h1:V94lTcix6jouwmAsgQMAEBozVAGJMFhVj+6/++xfe3E=
github.com/aws/aws-sdk-go-v2/config v1.18.7/go.mod h1:OZYsyHFL5PB9UpyS78NElgKs11qI/B5KJau2XOJDXHA=
github.com/aws/aws-sdk-go-v2/config v1.18.8 h1:lDpy0WM8AHsywOnVrOHaSMfpaiV2igOw8D7svkFkXVA=
github.com/aws/aws-sdk-go-v2/config v1.18.8/go.mod h1:5XCmmyutmzzgkpk/6NYTjeWb6lgo9N170m1j6pQkIBs=
github.com/aws/aws-sdk-go-v2/credentials v1.13.7 h1:qUUcNS5Z1092XBFT66IJM7mYkMwgZ8fcC8YDIbEwXck=
github.com/aws/aws-sdk-go-v2/credentials v1.13.7/go.mod h1:AdCcbZXHQCjJh6NaH3pFaw8LUeBFn5+88BZGMVGuBT8=
github.com/aws/aws-sdk-go-v2/credentials v1.13.8 h1:vTrwTvv5qAwjWIGhZDSBH/oQHuIQjGmD232k01FUh6A=
github.com/aws/aws-sdk-go-v2/credentials v1.13.8/go.mod h1:lVa4OHbvgjVot4gmh1uouF1ubgexSCN92P6CJQpT0t8=
github.com/aws/aws-sdk-go-v2/feature/dynamodb/attributevalue v1.10.8 h1:2DKy/A/TijgQqMDex39Im7LuVJibeztn8FN5RbgGGJ4=
github.com/aws/aws-sdk-go-v2/feature/dynamodb/attributevalue v1.10.8/go.mod h1:yqQPTPcvrrWYd3vopI+0ShM/NGRUGgZAnPeFGBSSt2Y=
github.com/aws/aws-sdk-go-v2/feature/dynamodb/attributevalue v1.10.9 h1:G3QwassSng2rJVtSZOcLMOKxvb3U4CAflNqJlqqiAvw=
github.com/aws/aws-sdk-go-v2/feature/dynamodb/attributevalue v1.10.9/go.mod h1:+gnfJHVarZmY3pmAX9DnkL6lcGQtQ9Z1Rsj2Z1dsS4c=
github.com/aws/aws-sdk-go-v2/feature/ec2/imds v1.12.21 h1:j9wi1kQ8b+e0FBVHxCqCGo4kxDU175hoDHcWAi0sauU=
github.com/aws/aws-sdk-go-v2/feature/ec2/imds v1.12.21/go.mod h1:ugwW57Z5Z48bpvUyZuaPy4Kv+vEfJWnIrky7RmkBvJg=
github.com/aws/aws-sdk-go-v2/feature/s3/manager v1.11.46 h1:OCX1pQ4pcqhsDV7B92HzdLWjHWOQsILvjLinpaUWhcc=
github.com/aws/aws-sdk-go-v2/feature/s3/manager v1.11.46/go.mod h1:MxCBOcyNXGJRvfpPiH+L6n/BF9zbowthGSUZdDvQF/c=
github.com/aws/aws-sdk-go-v2/feature/s3/manager v1.11.47 h1:E884ndKWVGt8IhtUuGhXbEsmaCvdAAkTTUDu7uAok1g=
github.com/aws/aws-sdk-go-v2/feature/s3/manager v1.11.47/go.mod h1:KybsEsmXLO0u75FyS3F0sY4OQ97syDe8z+ISq8oEczA=
github.com/aws/aws-sdk-go-v2/internal/configsources v1.1.27 h1:I3cakv2Uy1vNmmhRQmFptYDxOvBnwCdNwyw63N0RaRU=
github.com/aws/aws-sdk-go-v2/internal/configsources v1.1.27/go.mod h1:a1/UpzeyBBerajpnP5nGZa9mGzsBn5cOKxm6NWQsvoI=
github.com/aws/aws-sdk-go-v2/internal/endpoints/v2 v2.4.21 h1:5NbbMrIzmUn/TXFqAle6mgrH5m9cOvMLRGL7pnG8tRE=
github.com/aws/aws-sdk-go-v2/internal/endpoints/v2 v2.4.21/go.mod h1:+Gxn8jYn5k9ebfHEqlhrMirFjSW0v0C9fI+KN5vk2kE=
github.com/aws/aws-sdk-go-v2/internal/ini v1.3.28 h1:KeTxcGdNnQudb46oOl4d90f2I33DF/c6q3RnZAmvQdQ=
github.com/aws/aws-sdk-go-v2/internal/ini v1.3.28/go.mod h1:yRZVr/iT0AqyHeep00SZ4YfBAKojXz08w3XMBscdi0c=
github.com/aws/aws-sdk-go-v2/internal/v4a v1.0.18 h1:H/mF2LNWwX00lD6FlYfKpLLZgUW7oIzCBkig78x4Xok=
github.com/aws/aws-sdk-go-v2/internal/v4a v1.0.18/go.mod h1:T2Ku+STrYQ1zIkL1wMvj8P3wWQaaCMKNdz70MT2FLfE=
github.com/aws/aws-sdk-go-v2/service/cloudwatchlogs v1.17.3 h1:GKDlULxx6rUH67l/CRnG0xZzeMLZVk5gVCkVqNK6bgg=
github.com/aws/aws-sdk-go-v2/service/cloudwatchlogs v1.17.3/go.mod h1:xHK1ta0bQEa5jL6rahKRJvsibjzDO7NTIs5itzsF4w8=
github.com/aws/aws-sdk-go-v2/service/cloudwatchlogs v1.19.0 h1:p+OcsLTwgm2nYEohXLtvgcH85uw7hZM4RS5Q3wear6E=
github.com/aws/aws-sdk-go-v2/service/cloudwatchlogs v1.19.0/go.mod h1:xHK1ta0bQEa5jL6rahKRJvsibjzDO7NTIs5itzsF4w8=
github.com/aws/aws-sdk-go-v2/service/dynamodb v1.17.9 h1:b5IdivLEHiIPErQoNNLAt7sECZxnL9BT4Bvp7qxCTwQ=
github.com/aws/aws-sdk-go-v2/service/dynamodb v1.17.9/go.mod h1:uP2wpt43//qh6NqMFslaRu53A2YbnFStkV4Wn1Ldels=
github.com/aws/aws-sdk-go-v2/service/dynamodb v1.18.0 h1:ytPUxPttkqtX8ducnFlimxa75RTwWfox+y8FwhIzMQE=
github.com/aws/aws-sdk-go-v2/service/dynamodb v1.18.0/go.mod h1:uP2wpt43//qh6NqMFslaRu53A2YbnFStkV4Wn1Ldels=
github.com/aws/aws-sdk-go-v2/service/dynamodbstreams v1.13.28 h1:YAlfvdT7VENO1ASwZ7a+nuY36+pqZ8aSHh5xDH9TAow=
github.com/aws/aws-sdk-go-v2/service/dynamodbstreams v1.13.28/go.mod h1:zGScIYqnuTec46Rma2T0iSRUllvdebmzmvieAz0FyPo=
github.com/aws/aws-sdk-go-v2/service/dynamodbstreams v1.14.0 h1:cctNlfjDl1xXPCFvwr/hUcBN6suAni8Mo1mcg4jNmQ4=
github.com/aws/aws-sdk-go-v2/service/dynamodbstreams v1.14.0/go.mod h1:zGScIYqnuTec46Rma2T0iSRUllvdebmzmvieAz0FyPo=
github.com/aws/aws-sdk-go-v2/service/ec2 v1.77.0 h1:m6HYlpZlTWb9vHuuRHpWRieqPHWlS0mvQ90OJNrG/Nk=
github.com/aws/aws-sdk-go-v2/service/ec2 v1.77.0/go.mod h1:mV0E7631M1eXdB+tlGFIw6JxfsC7Pz7+7Aw15oLVhZw=
github.com/aws/aws-sdk-go-v2/service/ec2 v1.78.0 h1:pQAJaGmq6CYduJkI078q/G1GYtJBXHlzmAeCWt8ain8=
github.com/aws/aws-sdk-go-v2/service/ec2 v1.78.0/go.mod h1:mV0E7631M1eXdB+tlGFIw6JxfsC7Pz7+7Aw15oLVhZw=
github.com/aws/aws-sdk-go-v2/service/ecr v1.17.25 h1:1bido4Jtd8CG9JcheRITQMQ820RE6mw+ool5ln9jbtY=
github.com/aws/aws-sdk-go-v2/service/ecr v1.17.25/go.mod h1:9yGOFsa2OcdyePojE89xNGtdBusTyc8ocjpiuFtFc0g=
github.com/aws/aws-sdk-go-v2/service/ecr v1.18.0 h1:5RVanD+P+L2W9WU07/8J/A52vnQi7F3ClBdWQttgYlg=
github.com/aws/aws-sdk-go-v2/service/ecr v1.18.0/go.mod h1:9yGOFsa2OcdyePojE89xNGtdBusTyc8ocjpiuFtFc0g=
github.com/aws/aws-sdk-go-v2/service/glue v1.38.1 h1:t4H6jJJEq11K+3Xrm3GKcSepdZxveO1BGdeCA5gg1Mc=
github.com/aws/aws-sdk-go-v2/service/glue v1.38.1/go.mod h1:kXio9ACrVjRndIledemYxonQhqmfDFbgDH3/AIBx3Hk=
github.com/aws/aws-sdk-go-v2/service/glue v1.39.0 h1:ERYkN77o2SUI0gm29Njcr9qF88ANjw4o+mhLS75YNgY=
github.com/aws/aws-sdk-go-v2/service/glue v1.39.0/go.mod h1:kXio9ACrVjRndIledemYxonQhqmfDFbgDH3/AIBx3Hk=
github.com/aws/aws-sdk-go-v2/service/iam v1.18.25 h1:Np+wTW2nuSBGyEu0WFsiu0LO05rxLFMh3hYVAjOzyVw=
github.com/aws/aws-sdk-go-v2/service/iam v1.18.25/go.mod h1:OyAuvpFeSVNppcSsp1hFOVQcaTRc1LE24YIR7pMbbAA=
github.com/aws/aws-sdk-go-v2/service/iam v1.19.0 h1:9vCynoqC+dgxZKrsjvAniyIopsv3RZFsZ6wkQ+yxtj8=
github.com/aws/aws-sdk-go-v2/service/iam v1.19.0/go.mod h1:OyAuvpFeSVNppcSsp1hFOVQcaTRc1LE24YIR7pMbbAA=
github.com/aws/aws-sdk-go-v2/service/identitystore v1.15.10 h1:Dz0+Uux9AsYVrMOLf4MxfrAglld4NkvGuhPBx10W7tA=
github.com/aws/aws-sdk-go-v2/service/identitystore v1.15.10/go.mod h1:mN2AeMZcyQWmPJhkrMU2fFUh2ZrUlLZER+V+YKplyMQ=
github.com/aws/aws-sdk-go-v2/service/identitystore v1.16.0 h1:kaDCnnGZIeeKZdjGjkMuh9/GLh9yEt70IxBzA0rBHjQ=
github.com/aws/aws-sdk-go-v2/service/identitystore v1.16.0/go.mod h1:mN2AeMZcyQWmPJhkrMU2fFUh2ZrUlLZER+V+YKplyMQ=
github.com/aws/aws-sdk-go-v2/service/internal/accept-encoding v1.9.11 h1:y2+VQzC6Zh2ojtV2LoC0MNwHWc6qXv/j2vrQtlftkdA=
github.com/aws/aws-sdk-go-v2/service/internal/accept-encoding v1.9.11/go.mod h1:iV4q2hsqtNECrfmlXyord9u4zyuFEJX9eLgLpSPzWA8=
github.com/aws/aws-sdk-go-v2/service/internal/checksum v1.1.22 h1:kv5vRAl00tozRxSnI0IszPWGXsJOyA7hmEUHFYqsyvw=
github.com/aws/aws-sdk-go-v2/service/internal/checksum v1.1.22/go.mod h1:Od+GU5+Yx41gryN/ZGZzAJMZ9R1yn6lgA0fD5Lo5SkQ=
github.com/aws/aws-sdk-go-v2/service/internal/endpoint-discovery v1.7.21 h1:UYhcXvg66FBsZKRpXtNc4w+2rwaTHzST/zhpQBxzhPo=
github.com/aws/aws-sdk-go-v2/service/internal/endpoint-discovery v1.7.21/go.mod h1:NXJls8x8f9zVSaf+EKKoonqaahWK69MUWm6w6ob0FHs=
github.com/aws/aws-sdk-go-v2/service/internal/presigned-url v1.9.21 h1:5C6XgTViSb0bunmU57b3CT+MhxULqHH2721FVA+/kDM=
github.com/aws/aws-sdk-go-v2/service/internal/presigned-url v1.9.21/go.mod h1:lRToEJsn+DRA9lW4O9L9+/3hjTkUzlzyzHqn8MTds5k=
github.com/aws/aws-sdk-go-v2/service/internal/s3shared v1.13.21 h1:vY5siRXvW5TrOKm2qKEf9tliBfdLxdfy0i02LOcmqUo=
github.com/aws/aws-sdk-go-v2/service/internal/s3shared v1.13.21/go.mod h1:WZvNXT1XuH8dnJM0HvOlvk+RNn7NbAPvA/ACO0QarSc=
github.com/aws/aws-sdk-go-v2/service/lambda v1.26.2 h1:N7YZeA5IlmhuRhoUtlWwuciRMISaP/YREIvosGthsLs=
github.com/aws/aws-sdk-go-v2/service/lambda v1.26.2/go.mod h1:swAeO/+tSUbMwB9EF2miaCxPDSQwzRjfnRsYaNwbeRk=
github.com/aws/aws-sdk-go-v2/service/lambda v1.28.0 h1:XKXmX8HjbyWKi8mU1LXKmPYDAVPEwWJ9pm5k4L7K9qU=
github.com/aws/aws-sdk-go-v2/service/lambda v1.28.0/go.mod h1:swAeO/+tSUbMwB9EF2miaCxPDSQwzRjfnRsYaNwbeRk=
github.com/aws/aws-sdk-go-v2/service/rds v1.38.0 h1:4LyiHO7LPBNQmP8QbK4pa/9wgjpaI16Z4PGZVNJhKTA=
github.com/aws/aws-sdk-go-v2/service/rds v1.38.0/go.mod h1:Ume9NHqT871hUdxIRojWtWsPFyCswQmSjHHhyGot7v0=
github.com/aws/aws-sdk-go-v2/service/rds v1.40.0 h1:heJr38jKwCDwSKTVcy5LQ8sWecMoEHTTugJ0PAKERBA=
github.com/aws/aws-sdk-go-v2/service/rds v1.40.0/go.mod h1:Ume9NHqT871hUdxIRojWtWsPFyCswQmSjHHhyGot7v0=
github.com/aws/aws-sdk-go-v2/service/redshift v1.26.18 h1:a/DqQAS4PqbnEgZj/BDIkc3c31jY3w+M+5/RuSXYKNk=
github.com/aws/aws-sdk-go-v2/service/redshift v1.26.18/go.mod h1:cpzzZf+cK9kF7PAbJOU491GGQO/8+oD4jtbawDUG+pc=
github.com/aws/aws-sdk-go-v2/service/redshift v1.27.0 h1:kJDkVPtkB+gLwahLNtWs0vnjneny2Apqjrz1zdBYqb4=
github.com/aws/aws-sdk-go-v2/service/redshift v1.27.0/go.mod h1:cpzzZf+cK9kF7PAbJOU491GGQO/8+oD4jtbawDUG+pc=
github.com/aws/aws-sdk-go-v2/service/s3 v1.29.6 h1:W8pLcSn6Uy0eXgDBUUl8M8Kxv7JCoP68ZKTD04OXLEA=
github.com/aws/aws-sdk-go-v2/service/s3 v1.29.6/go.mod h1:L2l2/q76teehcW7YEsgsDjqdsDTERJeX3nOMIFlgGUE=
github.com/aws/aws-sdk-go-v2/service/s3 v1.30.0 h1:wddsyuESfviaiXk3w9N6/4iRwTg/a3gktjODY6jYQBo=
github.com/aws/aws-sdk-go-v2/service/s3 v1.30.0/go.mod h1:L2l2/q76teehcW7YEsgsDjqdsDTERJeX3nOMIFlgGUE=
github.com/aws/aws-sdk-go-v2/service/secretsmanager v1.17.0 h1:6W6BLZcXytRJsVvc2gGwxKE4wbMSlWqdxZivBP/E+ys=
github.com/aws/aws-sdk-go-v2/service/secretsmanager v1.17.0/go.mod h1:jAeo/PdIJZuDSwsvxJS94G4d6h8tStj7WXVuKwLHWU8=
github.com/aws/aws-sdk-go-v2/service/secretsmanager v1.18.1 h1:g7sJnSibd3KdECc7nT6BHvisdqX8eS3H0m4Rzq6yn/0=
github.com/aws/aws-sdk-go-v2/service/secretsmanager v1.18.1/go.mod h1:jAeo/PdIJZuDSwsvxJS94G4d6h8tStj7WXVuKwLHWU8=
github.com/aws/aws-sdk-go-v2/service/sesv2 v1.15.3 h1:JK8OY6BvODGFdv1B01s3kTjdJWoCQQUIItcEJCZEbwo=
github.com/aws/aws-sdk-go-v2/service/sesv2 v1.15.3/go.mod h1:Q+I4FY+sxSWRVgbNXULzRnK+REDSF8oXzY5Eya/Y33c=
github.com/aws/aws-sdk-go-v2/service/sesv2 v1.16.0 h1:ZVu7clQZjixs6IYUcpgkUoigjQn4HUToPiRd1AjmCl0=
github.com/aws/aws-sdk-go-v2/service/sesv2 v1.16.0/go.mod h1:Q+I4FY+sxSWRVgbNXULzRnK+REDSF8oXzY5Eya/Y33c=
github.com/aws/aws-sdk-go-v2/service/sqs v1.19.17 h1:bTr3F70BsgeJZW5QU0O4pVapJbgXuuiaaX9vQQfJAp8=
github.com/aws/aws-sdk-go-v2/service/sqs v1.19.17/go.mod h1:jQhN5f4p3PALMNlUtfb/0wGIFlV7vGtJlPDVfxfNfPY=
github.com/aws/aws-sdk-go-v2/service/sqs v1.20.0 h1:tQoMg8i4nFAB70cJ4wiAYEiZRYo2P6uDmU2D6ys/igo=
github.com/aws/aws-sdk-go-v2/service/sqs v1.20.0/go.mod h1:jQhN5f4p3PALMNlUtfb/0wGIFlV7vGtJlPDVfxfNfPY=
github.com/aws/aws-sdk-go-v2/service/ssm v1.33.4 h1:s8o8aN6cOaYQ6oJ4D7DMV98iyNhkiY1PDFSk5uSbqF8=
github.com/aws/aws-sdk-go-v2/service/ssm v1.33.4/go.mod h1:Hf7wSogKP1XCJ9GgW8erZDL6IZ1NLwLN7bYdV/Gn/LI=
github.com/aws/aws-sdk-go-v2/service/ssm v1.35.0 h1:QWCcOeLTrjvf7UdYIadzrhNH3PI6T9jXOV64Ez5YUgg=
github.com/aws/aws-sdk-go-v2/service/ssm v1.35.0/go.mod h1:Hf7wSogKP1XCJ9GgW8erZDL6IZ1NLwLN7bYdV/Gn/LI=
github.com/aws/aws-sdk-go-v2/service/sso v1.11.28 h1:gItLq3zBYyRDPmqAClgzTH8PBjDQGeyptYGHIwtYYNA=
github.com/aws/aws-sdk-go-v2/service/sso v1.11.28/go.mod h1:wo/B7uUm/7zw/dWhBJ4FXuw1sySU5lyIhVg1Bu2yL9A=
github.com/aws/aws-sdk-go-v2/service/sso v1.12.0 h1:/2gzjhQowRLarkkBOGPXSRnb8sQ2RVsjdG1C/UliK/c=
github.com/aws/aws-sdk-go-v2/service/sso v1.12.0/go.mod h1:wo/B7uUm/7zw/dWhBJ4FXuw1sySU5lyIhVg1Bu2yL9A=
github.com/aws/aws-sdk-go-v2/service/ssooidc v1.13.11 h1:KCacyVSs/wlcPGx37hcbT3IGYO8P8Jx+TgSDhAXtQMY=
github.com/aws/aws-sdk-go-v2/service/ssooidc v1.13.11/go.mod h1:TZSH7xLO7+phDtViY/KUp9WGCJMQkLJ/VpgkTFd5gh8=
github.com/aws/aws-sdk-go-v2/service/ssooidc v1.14.0 h1:Jfly6mRxk2ZOSlbCvZfKNS7TukSx1mIzhSsqZ/IGSZI=
github.com/aws/aws-sdk-go-v2/service/ssooidc v1.14.0/go.mod h1:TZSH7xLO7+phDtViY/KUp9WGCJMQkLJ/VpgkTFd5gh8=
github.com/aws/aws-sdk-go-v2/service/sts v1.17.7 h1:9Mtq1KM6nD8/+HStvWcvYnixJ5N85DX+P+OY3kI3W2k=
github.com/aws/aws-sdk-go-v2/service/sts v1.17.7/go.mod h1:+lGbb3+1ugwKrNTWcf2RT05Xmp543B06zDFTwiTLp7I=
github.com/aws/aws-sdk-go-v2/service/sts v1.18.0 h1:kOO++CYo50RcTFISESluhWEi5Prhg+gaSs4whWabiZU=
github.com/aws/aws-sdk-go-v2/service/sts v1.18.0/go.mod h1:+lGbb3+1ugwKrNTWcf2RT05Xmp543B06zDFTwiTLp7I=
github.com/aws/aws-sdk-go-v2/service/workspaces v1.27.2 h1:GaH1EkxY3IgRAzfMATr6sHy6ymoXfH+cnBuuEB9YtvM=
github.com/aws/aws-sdk-go-v2/service/workspaces v1.27.2/go.mod h1:oudvE1/KOdqMDrq9PG1QjLpvQb8S5R3y2Fci+Vuc6To=
github.com/aws/aws-sdk-go-v2/service/workspaces v1.28.0 h1:sjfoG4ahd0yE77sKiBokTlZHd9pk1k+vPGNJo6ct2QQ=
github.com/aws/aws-sdk-go-v2/service/workspaces v1.28.0/go.mod h1:oudvE1/KOdqMDrq9PG1QjLpvQb8S5R3y2Fci+Vuc6To=
github.com/aws/smithy-go v1.13.5 h1:hgz0X/DX0dGqTYpGALqXJoRKRj5oQ7150i5FdTePzO8=
github.com/aws/smithy-go v1.13.5/go.mod h1:Tg+OJXh4MB2R/uN61Ko2f6hTZwB/ZYGOtib8J3gBHzA=
github.com/davecgh/go-spew v1.1.0/go.mod h1:J7Y8YcW2NihsgmVo/mv3lAwl/skON4iLHjSsI+c5H38=
github.com/davecgh/go-spew v1.1.1 h1:vj9j/u1bqnvCEfJOwUhtlOARqs3+rkHYY13jYWTU97c=
github.com/davecgh/go-spew v1.1.1/go.mod h1:J7Y8YcW2NihsgmVo/mv3lAwl/skON4iLHjSsI+c5H38=
github.com/google/go-cmp v0.5.8 h1:e6P7q2lk1O+qJJb4BtCQXlK8vWEO8V1ZeuEdJNOqZyg=
github.com/google/go-cmp v0.5.8/go.mod h1:17dUlkBOakJ0+DkrSSNjCkIjxS6bF9zb3elmeNGIjoY=
github.com/google/uuid v1.3.0 h1:t6JiXgmwXMjEs8VusXIJk2BXHsn+wx8BZdTaoZ5fu7I=
github.com/google/uuid v1.3.0/go.mod h1:TIyPZe4MgqvfeYDBFedMoGGpEw/LqOeaOT+nhxU+yHo=
github.com/jmespath/go-jmespath v0.4.0 h1:BEgLn5cpjn8UN1mAw4NjwDrS35OdebyEtFe+9YPoQUg=
github.com/jmespath/go-jmespath v0.4.0/go.mod h1:T8mJZnbsbmF+m6zOOFylbeCJqk5+pHWvzYPziyZiYoo=
github.com/jmespath/go-jmespath/internal/testify v1.5.1 h1:shLQSRRSCCPj3f2gpwzGwWFoC7ycTf1rcQZHOlsJ6N8=
github.com/jmespath/go-jmespath/internal/testify v1.5.1/go.mod h1:L3OGu8Wl2/fWfCI6z80xFu9LTZmf1ZRjMHUOPmWr69U=
github.com/k0kubun/go-ansi v0.0.0-20180517002512-3bf9e2903213/go.mod h1:vNUNkEQ1e29fT/6vq2aBdFsgNPmy8qMdSay1npru+Sw=
github.com/kr/fs v0.1.0 h1:Jskdu9ieNAYnjxsi0LbQp1ulIKZV1LAFgK1tWhpZgl8=
github.com/kr/fs v0.1.0/go.mod h1:FFnZGqtBN9Gxj7eW1uZ42v5BccTP0vu6NEaFoC2HwRg=
github.com/lib/pq v1.10.7 h1:p7ZhMD+KsSRozJr34udlUrhboJwWAgCg34+/ZZNvZZw=
github.com/lib/pq v1.10.7/go.mod h1:AlVN5x4E4T544tWzH6hKfbfQvm3HdbOxrmggDNAPY9o=
github.com/mattn/go-isatty v0.0.16/go.mod h1:kYGgaQfpe5nmfYZH+SKPsOc2e4SrIfOl2e/yFXSvRLM=
github.com/mattn/go-isatty v0.0.17/go.mod h1:kYGgaQfpe5nmfYZH+SKPsOc2e4SrIfOl2e/yFXSvRLM=
github.com/mattn/go-runewidth v0.0.14 h1:+xnbZSEeDbOIg5/mE6JF0w6n9duR1l3/WmbinWVwUuU=
github.com/mattn/go-runewidth v0.0.14/go.mod h1:Jdepj2loyihRzMpdS35Xk/zdY8IAYHsh153qUoGf23w=
github.com/mitchellh/colorstring v0.0.0-20190213212951-d06e56a500db h1:62I3jR2EmQ4l5rM/4FEfDWcRD+abF5XlKShorW5LRoQ=
github.com/mitchellh/colorstring v0.0.0-20190213212951-d06e56a500db/go.mod h1:l0dey0ia/Uv7NcFFVbCLtqEBQbrT4OCwCSKTEv6enCw=
github.com/pkg/errors v0.9.1 h1:FEBLx1zS214owpjy7qsBeixbURkuhQAwrK5UwLGTwt4=
github.com/pkg/errors v0.9.1/go.mod h1:bwawxfHBFNV+L2hUp1rHADufV3IMtnDRdf1r5NINEl0=
github.com/pkg/sftp v1.13.5 h1:a3RLUqkyjYRtBTZJZ1VRrKbN3zhuPLlUc3sphVz81go=
github.com/pkg/sftp v1.13.5/go.mod h1:wHDZ0IZX6JcBYRK1TH9bcVq8G7TLpVHYIGJRFnmPfxg=
github.com/pmezard/go-difflib v1.0.0 h1:4DBwDE0NGyQoBHbLQYPwSUPoCMWR5BEzIk/f1lZbAQM=
github.com/pmezard/go-difflib v1.0.0/go.mod h1:iKH77koFhYxTK1pcRnkKkqfTogsbg7gZNVY4sRDYZ/4=
github.com/rivo/uniseg v0.2.0/go.mod h1:J6wj4VEh+S6ZtnVlnTBMWIodfgj8LQOQFoIToxlJtxc=
github.com/rivo/uniseg v0.4.3 h1:utMvzDsuh3suAEnhH0RdHmoPbU648o6CvXxTx4SBMOw=
github.com/rivo/uniseg v0.4.3/go.mod h1:FN3SvrM+Zdj16jyLfmOkMNblXMcoc8DfTHruCPUcx88=
github.com/schollz/progressbar/v3 v3.12.2 h1:yLqqqpQNMxGxHY8uEshRihaHWwa0rf0yb7/Zrpgq2C0=
github.com/schollz/progressbar/v3 v3.12.2/go.mod h1:HFJYIYQQJX32UJdyoigUl19xoV6aMwZt6iX/C30RWfg=
github.com/schollz/progressbar/v3 v3.13.0 h1:9TeeWRcjW2qd05I8Kf9knPkW4vLM/hYoa6z9ABvxje8=
github.com/schollz/progressbar/v3 v3.13.0/go.mod h1:ZBYnSuLAX2LU8P8UiKN/KgF2DY58AJC8yfVYLPC8Ly4=
github.com/stretchr/objx v0.1.0/go.mod h1:HFkY916IF+rwdDfMAkV7OtwuqBVzrE8GR6GFx+wExME=
github.com/stretchr/objx v0.4.0/go.mod h1:YvHI0jy2hoMjB+UWwv71VJQ9isScKT/TqJzVSSt89Yw=
github.com/stretchr/testify v1.3.0/go.mod h1:M5WIy9Dh21IEIfnGCwXGc5bZfKNJtfHm1UVUgZn+9EI=
github.com/stretchr/testify v1.7.0/go.mod h1:6Fq8oRcR53rry900zMqJjRRixrwX3KX962/h/Wwjteg=
github.com/stretchr/testify v1.7.1/go.mod h1:6Fq8oRcR53rry900zMqJjRRixrwX3KX962/h/Wwjteg=
github.com/stretchr/testify v1.8.0 h1:pSgiaMZlXftHpm5L7V1+rVB+AZJydKsMxsQBIJw4PKk=
github.com/stretchr/testify v1.8.0/go.mod h1:yNjHg4UonilssWZ8iaSj1OCr/vHnekPRkoO+kdMU+MU=
golang.org/x/crypto v0.0.0-20211215153901-e495a2d5b3d3/go.mod h1:IxCIyHEi3zRg3s0A5j5BB6A9Jmi73HwBIUl50j+osU4=
golang.org/x/crypto v0.4.0 h1:UVQgzMY87xqpKNgb+kDsll2Igd33HszWHFLmpaRMq/8=
golang.org/x/crypto v0.4.0/go.mod h1:3quD/ATkf6oY+rnes5c3ExXTbLc8mueNue5/DoinL80=
golang.org/x/crypto v0.5.0 h1:U/0M97KRkSFvyD/3FSmdP5W5swImpNgle/EHFhOsQPE=
golang.org/x/crypto v0.5.0/go.mod h1:NK/OQwhpMQP3MwtdjgLlYHnH9ebylxKWv3e0fK+mkQU=
golang.org/x/exp v0.0.0-20221230185412-738e83a70c30 h1:m9O6OTJ627iFnN2JIWfdqlZCzneRO6EEBsHXI25P8ws=
golang.org/x/exp v0.0.0-20221230185412-738e83a70c30/go.mod h1:CxIveKay+FTh1D0yPZemJVgC/95VzuuOLq5Qi4xnoYc=
golang.org/x/exp v0.0.0-20230116083435-1de6713980de h1:DBWn//IJw30uYCgERoxCg84hWtA97F4wMiKOIh00Uf0=
golang.org/x/exp v0.0.0-20230116083435-1de6713980de/go.mod h1:CxIveKay+FTh1D0yPZemJVgC/95VzuuOLq5Qi4xnoYc=
golang.org/x/net v0.0.0-20211112202133-69e39bad7dc2/go.mod h1:9nx3DQGgdP8bBQD5qxJ1jj9UTztislL4KSBs9R2vV5Y=
golang.org/x/net v0.4.0 h1:Q5QPcMlvfxFTAPV0+07Xz/MpK9NTXu2VDUuy0FeMfaU=
golang.org/x/net v0.4.0/go.mod h1:MBQ8lrhLObU/6UmLb4fmbmk5OcyYmqtbGd/9yIeKjEE=
golang.org/x/net v0.5.0 h1:GyT4nK/YDHSqa1c4753ouYCDajOYKTja9Xb/OHtgvSw=
golang.org/x/net v0.5.0/go.mod h1:DivGGAXEgPSlEBzxGzZI+ZLohi+xUj054jfeKui00ws=
golang.org/x/sys v0.0.0-20201119102817-f84b799fce68/go.mod h1:h1NjWce9XRLGQEsW7wpKNCjG9DtNlClVuFLEZdDNbEs=
golang.org/x/sys v0.0.0-20210423082822-04245dca01da/go.mod h1:h1NjWce9XRLGQEsW7wpKNCjG9DtNlClVuFLEZdDNbEs=
golang.org/x/sys v0.0.0-20210615035016-665e8c7367d1/go.mod h1:oPkhp1MJrh7nUepCBck5+mAzfO9JrbApNNgaTdGDITg=
golang.org/x/sys v0.0.0-20211216021012-1d35b9e2eb4e/go.mod h1:oPkhp1MJrh7nUepCBck5+mAzfO9JrbApNNgaTdGDITg=
golang.org/x/sys v0.0.0-20220811171246-fbc7d0a398ab/go.mod h1:oPkhp1MJrh7nUepCBck5+mAzfO9JrbApNNgaTdGDITg=
golang.org/x/sys v0.3.0 h1:w8ZOecv6NaNa/zC8944JTU3vz4u6Lagfk4RPQxv92NQ=
golang.org/x/sys v0.3.0/go.mod h1:oPkhp1MJrh7nUepCBck5+mAzfO9JrbApNNgaTdGDITg=
golang.org/x/sys v0.4.0 h1:Zr2JFtRQNX3BCZ8YtxRE9hNJYC8J6I1MVbMg6owUp18=
golang.org/x/sys v0.4.0/go.mod h1:oPkhp1MJrh7nUepCBck5+mAzfO9JrbApNNgaTdGDITg=
golang.org/x/term v0.0.0-20201126162022-7de9c90e9dd1/go.mod h1:bj7SfCRtBDWHUb9snDiAeCFNEtKQo2Wmx5Cou7ajbmo=
golang.org/x/term v0.3.0 h1:qoo4akIqOcDME5bhc/NgxUdovd6BSS2uMsVjB56q1xI=
golang.org/x/term v0.3.0/go.mod h1:q750SLmJuPmVoN1blW3UFBPREJfb1KmY3vwxfr+nFDA=
golang.org/x/term v0.4.0 h1:O7UWfv5+A2qiuulQk30kVinPoMtoIPeVaKLEgLpVkvg=
golang.org/x/term v0.4.0/go.mod h1:9P2UbLfCdcvo3p/nzKvsmas4TnlujnuoV9hGgYzW1lQ=
golang.org/x/text v0.3.6/go.mod h1:5Zoc/QRtKVWzQhOtBMvqHzDpF6irO9z98xDceosuGiQ=
golang.org/x/text v0.5.0 h1:OLmvp0KP+FVG99Ct/qFiL/Fhk4zp4QQnZ7b2U+5piUM=
golang.org/x/text v0.5.0/go.mod h1:mrYo+phRRbMaCq/xk9113O4dZlRixOauAjOtrjsXDZ8=
golang.org/x/text v0.6.0 h1:3XmdazWV+ubf7QgHSTWeykHOci5oeekaGJBLkrkaw4k=
golang.org/x/text v0.6.0/go.mod h1:mrYo+phRRbMaCq/xk9113O4dZlRixOauAjOtrjsXDZ8=
golang.org/x/tools v0.0.0-20180917221912-90fa682c2a6e/go.mod h1:n7NCudcB/nEzxVGmLbDWY5pfWTLqBcC2KZ6jyYvM4mQ=
gopkg.in/check.v1 v0.0.0-20161208181325-20d25e280405/go.mod h1:Co6ibVJAznAaIkqp8huTwlJQCZ016jof/cbN4VW5Yz0=
gopkg.in/yaml.v2 v2.2.8 h1:obN1ZagJSUGI0Ek/LBmuj4SNLPfIny3KsKFopxRdj10=
gopkg.in/yaml.v2 v2.2.8/go.mod h1:hI93XBmqTisBFMUTm0b8Fm+jr3Dg1NNxqwp+5A1VGuI=
gopkg.in/yaml.v3 v3.0.0-20200313102051-9f266ea9e77c/go.mod h1:K4uyk7z7BCEPqu6E+C64Yfv1cQ7kz7rIZviUmN+EgEM=
gopkg.in/yaml.v3 v3.0.1 h1:fxVm/GzAzEWqLHuvctI91KS9hhNmmWOoWu0XTYJS7CA=
gopkg.in/yaml.v3 v3.0.1/go.mod h1:K4uyk7z7BCEPqu6E+C64Yfv1cQ7kz7rIZviUmN+EgEM=
