github.com/alessiosavi/ahocorasick v0.0.3 h1:Acuo/zgVEYNI++xfuXlggMxn4+76R7NvxxI8xg+Hj7o=
github.com/alessiosavi/ahocorasick v0.0.3/go.mod h1:GlX7JXZTgFoEccsMg5JZVpjoe+NW7Nk+3b5ldtGP5oU=
github.com/aws/aws-sdk-go-v2 v1.20.3 h1:lgeKmAZhlj1JqN43bogrM75spIvYnRxqTAh1iupu1yE=
github.com/aws/aws-sdk-go-v2 v1.20.3/go.mod h1:/RfNgGmRxI+iFOB1OeJUyxiU+9s88k3pfHvDagGEp0M=
github.com/aws/aws-sdk-go-v2/aws/protocol/eventstream v1.4.13 h1:OPLEkmhXf6xFPiz0bLeDArZIDx1NNS4oJyG4nv3Gct0=
github.com/aws/aws-sdk-go-v2/aws/protocol/eventstream v1.4.13/go.mod h1:gpAbvyDGQFozTEmlTFO8XcQKHzubdq0LzRyJpG6MiXM=
github.com/aws/aws-sdk-go-v2/config v1.18.35 h1:uU9rgCzrW/pVRUUlRULiwKQe8RoEDst1NQu4Qo8kOtk=
github.com/aws/aws-sdk-go-v2/config v1.18.35/go.mod h1:7xF1yr9GBMfYRQI4PLHO8iceqKLM6DpGVEvXI38HB/A=
github.com/aws/aws-sdk-go-v2/credentials v1.13.34 h1:/EYG4lzayDd5PY6HQQ2Qyj/cD6CR3kz96BjTZAO5tNo=
github.com/aws/aws-sdk-go-v2/credentials v1.13.34/go.mod h1:+wgdxCGNulHme6kTMZuDL9KOagLPloemoYkfjpQkSEU=
github.com/aws/aws-sdk-go-v2/feature/dynamodb/attributevalue v1.10.38 h1:8qKhDyyVtFd4YG1mz7AhX4laQ0wkxKJuNsdX1Si+gDk=
github.com/aws/aws-sdk-go-v2/feature/dynamodb/attributevalue v1.10.38/go.mod h1:3NuokqGQKXxywI3RhwIGliwcsz73Ioja/tIZFpgXZ68=
github.com/aws/aws-sdk-go-v2/feature/ec2/imds v1.13.10 h1:mgOrtwYfJZ4e3QJe1TrliC/xIkauafGMdLLuCExOqcs=
github.com/aws/aws-sdk-go-v2/feature/ec2/imds v1.13.10/go.mod h1:wMsSLVM2hRpDVhd+3dtLUzqwm7/fjuhNN+b1aOLDt6g=
github.com/aws/aws-sdk-go-v2/feature/s3/manager v1.11.79 h1:Lc2K7rBQlWnY+HB3cNrz/zpEF+ncyn//iJ6gpi5vfR4=
github.com/aws/aws-sdk-go-v2/feature/s3/manager v1.11.79/go.mod h1:NpiOzmnVgrRfF/ZbqShAsisq5/6DWYEG2QqHnsdUnbE=
github.com/aws/aws-sdk-go-v2/internal/configsources v1.1.40 h1:CXceCS9BrDInRc74GDCQ8Qyk/Gp9VLdK+Rlve+zELSE=
github.com/aws/aws-sdk-go-v2/internal/configsources v1.1.40/go.mod h1:5kKmFhLeOVy6pwPDpDNA6/hK/d6URC98pqDDqHgdBx4=
github.com/aws/aws-sdk-go-v2/internal/endpoints/v2 v2.4.34 h1:B+nZtd22cbko5+793hg7LEaTeLMiZwlgCLUrN5Y0uzg=
github.com/aws/aws-sdk-go-v2/internal/endpoints/v2 v2.4.34/go.mod h1:RZP0scceAyhMIQ9JvFp7HvkpcgqjL4l/4C+7RAeGbuM=
github.com/aws/aws-sdk-go-v2/internal/ini v1.3.41 h1:EcSFdpLdkF3FWizimox0qYLuorn9e4PNMR27mvshGLs=
github.com/aws/aws-sdk-go-v2/internal/ini v1.3.41/go.mod h1:mKxUXW+TuwpCKKHVlmHGVVuBi9y9LKW8AiQodg23M5E=
github.com/aws/aws-sdk-go-v2/internal/v4a v1.1.3 h1:uHhWcrNBgpm9gi3o8NSQcsAqha/U9OFYzi2k4+0UVz8=
github.com/aws/aws-sdk-go-v2/internal/v4a v1.1.3/go.mod h1:jYLMm3Dh0wbeV3lxth5ryks/O2M/omVXWyYm3YcEVqQ=
github.com/aws/aws-sdk-go-v2/service/cloudwatchlogs v1.23.4 h1:8+cGpRNkuPPAvffPxjxVs4LanG1oCTuhKSPkUduzSyA=
github.com/aws/aws-sdk-go-v2/service/cloudwatchlogs v1.23.4/go.mod h1:zyFjZwtIpuTl2dITdH6JQjcU+T/OTjlwcOT/7u+7fgw=
github.com/aws/aws-sdk-go-v2/service/codepipeline v1.16.4 h1:DbwxQ5oxI++vT8q7RZIQmyqmkbp2OTp2LdmBUTdXRA0=
github.com/aws/aws-sdk-go-v2/service/codepipeline v1.16.4/go.mod h1:zL5g1ONgHKI3OIsHExooCVbmkPExAHqfArDH39xulQ4=
github.com/aws/aws-sdk-go-v2/service/dynamodb v1.21.4 h1:x3V1JRHq7q9RUbDpaeNpLH7QoipGpCo3fdnMMuSeABU=
github.com/aws/aws-sdk-go-v2/service/dynamodb v1.21.4/go.mod h1:aryF4jxgjhbqpdhj8QybUZI3xYrX8MQIKm4WbOv8Whg=
github.com/aws/aws-sdk-go-v2/service/dynamodbstreams v1.15.4 h1:W7zl4rdlkSRWa31l7wOtUND6wKcWPW2POvPxMFMBvHM=
github.com/aws/aws-sdk-go-v2/service/dynamodbstreams v1.15.4/go.mod h1:W+Ct7i87BUgyqJy50w1NpC0idqnW2w67XLzihxCb5Hk=
github.com/aws/aws-sdk-go-v2/service/ec2 v1.113.1 h1:2wyKWQM+5+lMaSNU9RCwIVNRYJZjiXdNUJfavh5hCTM=
github.com/aws/aws-sdk-go-v2/service/ec2 v1.113.1/go.mod h1:YBN5ov75u3UBgWKzV9ZlXu+Jb9oLoA2MqrAVJjaHGLc=
github.com/aws/aws-sdk-go-v2/service/ecr v1.19.4 h1:qT0GFM2U9lqDjT9+8gr/qB2ugOp/1cgZC5k27fcCTaA=
github.com/aws/aws-sdk-go-v2/service/ecr v1.19.4/go.mod h1:LChcO8lFgueLJYHRAG0eoTMurf8HnHQ8INAvZFtbcpw=
github.com/aws/aws-sdk-go-v2/service/glue v1.61.2 h1:RvjHFsrOKPAWhFCqI4e3aVnL5aAvc2DSa0PR/simTnc=
github.com/aws/aws-sdk-go-v2/service/glue v1.61.2/go.mod h1:sgxCKVpTicr8N9fbV27u5Qcd+tF0k6z/SloLqoWeFac=
github.com/aws/aws-sdk-go-v2/service/iam v1.22.4 h1:vXHnRJru05xvUy0ewJjd7Oo9Wj6AXfCo3DxqFCFE2vU=
github.com/aws/aws-sdk-go-v2/service/iam v1.22.4/go.mod h1:rQHVoH+qMymYQvCF9Hu46xHLk3mR17Fd7X6bSOGc0E4=
github.com/aws/aws-sdk-go-v2/service/identitystore v1.17.5 h1:waUqWo3X6n0sv32cQw1U+63Sj4+Vnm9T34JeHHJOv5I=
github.com/aws/aws-sdk-go-v2/service/identitystore v1.17.5/go.mod h1:laxFeOGyD7nSyipmbWNaJWbFqTO6PfngreEgTdybCv8=
github.com/aws/aws-sdk-go-v2/service/internal/accept-encoding v1.9.14 h1:m0QTSI6pZYJTk5WSKx3fm5cNW/DCicVzULBgU/6IyD0=
github.com/aws/aws-sdk-go-v2/service/internal/accept-encoding v1.9.14/go.mod h1:dDilntgHy9WnHXsh7dDtUPgHKEfTJIBUTHM8OWm0f/0=
github.com/aws/aws-sdk-go-v2/service/internal/checksum v1.1.35 h1:oCUrlTzh9GwhlYdyDGNAS6UgqJRzJp5rKoYCJWqLyZI=
github.com/aws/aws-sdk-go-v2/service/internal/checksum v1.1.35/go.mod h1:YVHrksq36j0sbXCT6rSuQafpfYkMYqy0QTk7JTCTBIU=
github.com/aws/aws-sdk-go-v2/service/internal/endpoint-discovery v1.7.34 h1:JlxVMFDHivlhNOIxd2O/9z4O0wC2zIC4lRB71lejVHU=
github.com/aws/aws-sdk-go-v2/service/internal/endpoint-discovery v1.7.34/go.mod h1:CDPcT6pljRaqz1yLsOgPUvOPOczFvXuJxOKzDzAbF0c=
github.com/aws/aws-sdk-go-v2/service/internal/presigned-url v1.9.34 h1:JwvXk+1ePAD9xkFHprhHYqwsxLDcbNFsPI1IAT2sPS0=
github.com/aws/aws-sdk-go-v2/service/internal/presigned-url v1.9.34/go.mod h1:ytsF+t+FApY2lFnN51fJKPhH6ICKOPXKEcwwgmJEdWI=
github.com/aws/aws-sdk-go-v2/service/internal/s3shared v1.15.3 h1:rPDAISw3FjEhrJoaxmQjuD+GgBfv2p3AVhmAcnyqq3k=
github.com/aws/aws-sdk-go-v2/service/internal/s3shared v1.15.3/go.mod h1:TXBww3ANB+QRj+/dUoYDvI8d/u4F4WzTxD4mxtDoxrg=
github.com/aws/aws-sdk-go-v2/service/lambda v1.39.4 h1:ql8GjEK/wjGPHOQDyDVfjMrKejGdfeHBDgUslIhn7HQ=
github.com/aws/aws-sdk-go-v2/service/lambda v1.39.4/go.mod h1:KEve0Kw+2K/6iSEWEmRLBUYNcztKgA8N8U0RBJPQtbQ=
github.com/aws/aws-sdk-go-v2/service/rds v1.50.3 h1:agXtXCUEttqShlwLkfMGTpnDX7cLo8F3F+9/tjx/aRM=
github.com/aws/aws-sdk-go-v2/service/rds v1.50.3/go.mod h1:gBrjc2Jfg/xL9hWY0c7oajZ1T54RS+l1XxDfvcCqd6E=
github.com/aws/aws-sdk-go-v2/service/redshift v1.29.4 h1:LgAtkuoyIz1W7NC2pLpV/w7tr7CWmJuDH1VuqpGEAbo=
github.com/aws/aws-sdk-go-v2/service/redshift v1.29.4/go.mod h1:fxZ52cl50VBxV/iz4Snsd5X6//Ad+93QDlNwoVKHgfE=
github.com/aws/aws-sdk-go-v2/service/s3 v1.38.4 h1:P4p346B+YMTTCH9D4I/FWYl+E7BjSLQxqk1e2KYDI5w=
github.com/aws/aws-sdk-go-v2/service/s3 v1.38.4/go.mod h1:uDxTlJiuPhbtRRPMHrPYRkn1Ck7Mtk3BEJiDut+gR5Y=
github.com/aws/aws-sdk-go-v2/service/secretsmanager v1.21.2 h1:6N4VK/eLcMYonOqGgihkYlgjE2URxEMqjjS/1zErTKA=
github.com/aws/aws-sdk-go-v2/service/secretsmanager v1.21.2/go.mod h1:aYWGu8cQcyRdfDi/V4agl6VDmDz2N42VhiHj0xMf77o=
github.com/aws/aws-sdk-go-v2/service/sesv2 v1.19.4 h1:Imh+yXwhkDE6xnkRrg8fOycBk7G7bJcDo4WJ3ek20Gk=
github.com/aws/aws-sdk-go-v2/service/sesv2 v1.19.4/go.mod h1:Fml8HD6DKK2/QMHbbV+NYGFl5nCPYOfO+yPepopXmuo=
github.com/aws/aws-sdk-go-v2/service/sfn v1.19.4 h1:yIyFY2kbCOoHvuivf9minqnP2RLYJgmvQRYxakIb2oI=
github.com/aws/aws-sdk-go-v2/service/sfn v1.19.4/go.mod h1:uWCH4ATwNrkRO40j8Dmy7u/Y1/BVWgCM+YjBNYZeOro=
github.com/aws/aws-sdk-go-v2/service/sqs v1.24.4 h1:bp8KUUx15mnLMe8SSJqO/kYEn0C2kKfWq/M9SRK9i1E=
github.com/aws/aws-sdk-go-v2/service/sqs v1.24.4/go.mod h1:c1AF/ac4k4xz32FprEk6AqqGFH/Fkub9VUPSrASlllA=
github.com/aws/aws-sdk-go-v2/service/ssm v1.37.4 h1:bAHiuSzZstf0d4scuezobD7szhbP5hxrOXk5oW08OPE=
github.com/aws/aws-sdk-go-v2/service/ssm v1.37.4/go.mod h1:T66q5Cd6f/bBndyNknkMeqBiAmW86vX8dtx2s5/qT4U=
github.com/aws/aws-sdk-go-v2/service/sso v1.13.4 h1:WZPZ7Zf6Yo13lsfTetFrLU/7hZ9CXESDpdIHvmLxQFQ=
github.com/aws/aws-sdk-go-v2/service/sso v1.13.4/go.mod h1:FP05hDXTLouXwAMQ1swqybHy7tHySblMkBMKSumaKg0=
github.com/aws/aws-sdk-go-v2/service/ssooidc v1.15.4 h1:pYFM2U/3/4RLrlMSYXwL1XPBCWvaePk2p+0+i/BgHOs=
github.com/aws/aws-sdk-go-v2/service/ssooidc v1.15.4/go.mod h1:4pdlNASc29u0j9bq2jIQcBghG5Lx2oQAIj91vo1u1t8=
github.com/aws/aws-sdk-go-v2/service/sts v1.21.4 h1:zj4jxK3L54tGyqKleKDMK4vHolENxlq11dF0v1oBkJo=
github.com/aws/aws-sdk-go-v2/service/sts v1.21.4/go.mod h1:CQRMCzYvl5eeAQW3AWkRLS+zGGXCucBnsiQlrs+tCeo=
github.com/aws/aws-sdk-go-v2/service/workspaces v1.29.4 h1:tuwsNoREW244U9VuwyJP5R5hk9wcGcVEqjNNT3o8Utw=
github.com/aws/aws-sdk-go-v2/service/workspaces v1.29.4/go.mod h1:OpK3DnLlWYKEItE1T0F/+4UTRFJgKtJk49IQZstc1o4=
github.com/aws/smithy-go v1.14.2 h1:MJU9hqBGbvWZdApzpvoF2WAIJDbtjK2NDJSiJP7HblQ=
github.com/aws/smithy-go v1.14.2/go.mod h1:Tg+OJXh4MB2R/uN61Ko2f6hTZwB/ZYGOtib8J3gBHzA=
github.com/davecgh/go-spew v1.1.0/go.mod h1:J7Y8YcW2NihsgmVo/mv3lAwl/skON4iLHjSsI+c5H38=
github.com/davecgh/go-spew v1.1.1 h1:vj9j/u1bqnvCEfJOwUhtlOARqs3+rkHYY13jYWTU97c=
github.com/davecgh/go-spew v1.1.1/go.mod h1:J7Y8YcW2NihsgmVo/mv3lAwl/skON4iLHjSsI+c5H38=
github.com/google/go-cmp v0.5.8 h1:e6P7q2lk1O+qJJb4BtCQXlK8vWEO8V1ZeuEdJNOqZyg=
github.com/google/go-cmp v0.5.8/go.mod h1:17dUlkBOakJ0+DkrSSNjCkIjxS6bF9zb3elmeNGIjoY=
github.com/google/uuid v1.3.0 h1:t6JiXgmwXMjEs8VusXIJk2BXHsn+wx8BZdTaoZ5fu7I=
github.com/google/uuid v1.3.0/go.mod h1:TIyPZe4MgqvfeYDBFedMoGGpEw/LqOeaOT+nhxU+yHo=
github.com/jmespath/go-jmespath v0.4.0 h1:BEgLn5cpjn8UN1mAw4NjwDrS35OdebyEtFe+9YPoQUg=
github.com/jmespath/go-jmespath v0.4.0/go.mod h1:T8mJZnbsbmF+m6zOOFylbeCJqk5+pHWvzYPziyZiYoo=
github.com/jmespath/go-jmespath/internal/testify v1.5.1 h1:shLQSRRSCCPj3f2gpwzGwWFoC7ycTf1rcQZHOlsJ6N8=
github.com/jmespath/go-jmespath/internal/testify v1.5.1/go.mod h1:L3OGu8Wl2/fWfCI6z80xFu9LTZmf1ZRjMHUOPmWr69U=
github.com/k0kubun/go-ansi v0.0.0-20180517002512-3bf9e2903213/go.mod h1:vNUNkEQ1e29fT/6vq2aBdFsgNPmy8qMdSay1npru+Sw=
github.com/kr/fs v0.1.0 h1:Jskdu9ieNAYnjxsi0LbQp1ulIKZV1LAFgK1tWhpZgl8=
github.com/kr/fs v0.1.0/go.mod h1:FFnZGqtBN9Gxj7eW1uZ42v5BccTP0vu6NEaFoC2HwRg=
github.com/lib/pq v1.10.9 h1:YXG7RB+JIjhP29X+OtkiDnYaXQwpS4JEWq7dtCCRUEw=
github.com/lib/pq v1.10.9/go.mod h1:AlVN5x4E4T544tWzH6hKfbfQvm3HdbOxrmggDNAPY9o=
github.com/mattn/go-isatty v0.0.17/go.mod h1:kYGgaQfpe5nmfYZH+SKPsOc2e4SrIfOl2e/yFXSvRLM=
github.com/mattn/go-runewidth v0.0.14/go.mod h1:Jdepj2loyihRzMpdS35Xk/zdY8IAYHsh153qUoGf23w=
github.com/mattn/go-runewidth v0.0.15 h1:UNAjwbU9l54TA3KzvqLGxwWjHmMgBUVhBiTjelZgg3U=
github.com/mattn/go-runewidth v0.0.15/go.mod h1:Jdepj2loyihRzMpdS35Xk/zdY8IAYHsh153qUoGf23w=
github.com/mitchellh/colorstring v0.0.0-20190213212951-d06e56a500db h1:62I3jR2EmQ4l5rM/4FEfDWcRD+abF5XlKShorW5LRoQ=
github.com/mitchellh/colorstring v0.0.0-20190213212951-d06e56a500db/go.mod h1:l0dey0ia/Uv7NcFFVbCLtqEBQbrT4OCwCSKTEv6enCw=
github.com/pkg/errors v0.9.1 h1:FEBLx1zS214owpjy7qsBeixbURkuhQAwrK5UwLGTwt4=
github.com/pkg/errors v0.9.1/go.mod h1:bwawxfHBFNV+L2hUp1rHADufV3IMtnDRdf1r5NINEl0=
github.com/pkg/sftp v1.13.6 h1:JFZT4XbOU7l77xGSpOdW+pwIMqP044IyjXX6FGyEKFo=
github.com/pkg/sftp v1.13.6/go.mod h1:tz1ryNURKu77RL+GuCzmoJYxQczL3wLNNpPWagdg4Qk=
github.com/pmezard/go-difflib v1.0.0 h1:4DBwDE0NGyQoBHbLQYPwSUPoCMWR5BEzIk/f1lZbAQM=
github.com/pmezard/go-difflib v1.0.0/go.mod h1:iKH77koFhYxTK1pcRnkKkqfTogsbg7gZNVY4sRDYZ/4=
github.com/rivo/uniseg v0.2.0/go.mod h1:J6wj4VEh+S6ZtnVlnTBMWIodfgj8LQOQFoIToxlJtxc=
github.com/rivo/uniseg v0.4.4 h1:8TfxU8dW6PdqD27gjM8MVNuicgxIjxpm4K7x4jp8sis=
github.com/rivo/uniseg v0.4.4/go.mod h1:FN3SvrM+Zdj16jyLfmOkMNblXMcoc8DfTHruCPUcx88=
github.com/schollz/progressbar/v3 v3.13.1 h1:o8rySDYiQ59Mwzy2FELeHY5ZARXZTVJC7iHD6PEFUiE=
github.com/schollz/progressbar/v3 v3.13.1/go.mod h1:xvrbki8kfT1fzWzBT/UZd9L6GA+jdL7HAgq2RFnO6fQ=
github.com/stretchr/objx v0.1.0/go.mod h1:HFkY916IF+rwdDfMAkV7OtwuqBVzrE8GR6GFx+wExME=
github.com/stretchr/objx v0.4.0/go.mod h1:YvHI0jy2hoMjB+UWwv71VJQ9isScKT/TqJzVSSt89Yw=
github.com/stretchr/testify v1.3.0/go.mod h1:M5WIy9Dh21IEIfnGCwXGc5bZfKNJtfHm1UVUgZn+9EI=
github.com/stretchr/testify v1.7.1/go.mod h1:6Fq8oRcR53rry900zMqJjRRixrwX3KX962/h/Wwjteg=
github.com/stretchr/testify v1.8.0 h1:pSgiaMZlXftHpm5L7V1+rVB+AZJydKsMxsQBIJw4PKk=
github.com/stretchr/testify v1.8.0/go.mod h1:yNjHg4UonilssWZ8iaSj1OCr/vHnekPRkoO+kdMU+MU=
github.com/yuin/goldmark v1.4.13/go.mod h1:6yULJ656Px+3vBD8DxQVa3kxgyrAnzto9xy5taEt/CY=
golang.org/x/crypto v0.0.0-20190308221718-c2843e01d9a2/go.mod h1:djNgcEr1/C05ACkg1iLfiJU5Ep61QUkGW8qpdssI0+w=
golang.org/x/crypto v0.0.0-20210921155107-089bfa567519/go.mod h1:GvvjBRRGRdwPK5ydBHafDWAxML/pGHZbMvKqRZ5+Abc=
golang.org/x/crypto v0.1.0/go.mod h1:RecgLatLF4+eUMCP1PoPZQb+cVrJcOPbHkTkbkB9sbw=
golang.org/x/crypto v0.12.0 h1:tFM/ta59kqch6LlvYnPa0yx5a83cL2nHflFhYKvv9Yk=
golang.org/x/crypto v0.12.0/go.mod h1:NF0Gs7EO5K4qLn+Ylc+fih8BSTeIjAP05siRnAh98yw=
golang.org/x/exp v0.0.0-20230817173708-d852ddb80c63 h1:m64FZMko/V45gv0bNmrNYoDEq8U5YUhetc9cBWKS1TQ=
golang.org/x/exp v0.0.0-20230817173708-d852ddb80c63/go.mod h1:0v4NqG35kSWCMzLaMeX+IQrlSnVE/bqGSyC2cz/9Le8=
golang.org/x/mod v0.6.0-dev.0.20220419223038-86c51ed26bb4/go.mod h1:jJ57K6gSWd91VN4djpZkiMVwK6gcyfeH4XE8wZrZaV4=
golang.org/x/net v0.0.0-20190620200207-3b0461eec859/go.mod h1:z5CRVTTTmAJ677TzLLGU+0bjPO0LkuOLi4/5GtJWs/s=
golang.org/x/net v0.0.0-20210226172049-e18ecbb05110/go.mod h1:m0MpNAwzfU5UDzcl9v0D8zg8gWTRqZa9RBIspLL5mdg=
golang.org/x/net v0.0.0-20220722155237-a158d28d115b/go.mod h1:XRhObCWvk6IyKnWLug+ECip1KBveYUHfp+8e9klMJ9c=
golang.org/x/net v0.1.0/go.mod h1:Cx3nUiGt4eDBEyega/BKRp+/AlGL8hYe7U9odMt2Cco=
golang.org/x/net v0.14.0 h1:BONx9s002vGdD9umnlX1Po8vOZmrgH34qlHcD1MfK14=
golang.org/x/net v0.14.0/go.mod h1:PpSgVXXLK0OxS0F31C1/tv6XNguvCrnXIDrFMspZIUI=
golang.org/x/sync v0.0.0-20190423024810-112230192c58/go.mod h1:RxMgew5VJxzue5/jJTE5uejpjVlOe/izrB70Jof72aM=
golang.org/x/sync v0.0.0-20220722155255-886fb9371eb4/go.mod h1:RxMgew5VJxzue5/jJTE5uejpjVlOe/izrB70Jof72aM=
golang.org/x/sys v0.0.0-20190215142949-d0b11bdaac8a/go.mod h1:STP8DvDyc/dI5b8T5hshtkjS+E42TnysNCUPdjciGhY=
golang.org/x/sys v0.0.0-20201119102817-f84b799fce68/go.mod h1:h1NjWce9XRLGQEsW7wpKNCjG9DtNlClVuFLEZdDNbEs=
golang.org/x/sys v0.0.0-20210615035016-665e8c7367d1/go.mod h1:oPkhp1MJrh7nUepCBck5+mAzfO9JrbApNNgaTdGDITg=
golang.org/x/sys v0.0.0-20220520151302-bc2c85ada10a/go.mod h1:oPkhp1MJrh7nUepCBck5+mAzfO9JrbApNNgaTdGDITg=
golang.org/x/sys v0.0.0-20220722155257-8c9f86f7a55f/go.mod h1:oPkhp1MJrh7nUepCBck5+mAzfO9JrbApNNgaTdGDITg=
golang.org/x/sys v0.0.0-20220811171246-fbc7d0a398ab/go.mod h1:oPkhp1MJrh7nUepCBck5+mAzfO9JrbApNNgaTdGDITg=
golang.org/x/sys v0.1.0/go.mod h1:oPkhp1MJrh7nUepCBck5+mAzfO9JrbApNNgaTdGDITg=
golang.org/x/sys v0.6.0/go.mod h1:oPkhp1MJrh7nUepCBck5+mAzfO9JrbApNNgaTdGDITg=
golang.org/x/sys v0.11.0 h1:eG7RXZHdqOJ1i+0lgLgCpSXAp6M3LYlAo6osgSi0xOM=
golang.org/x/sys v0.11.0/go.mod h1:oPkhp1MJrh7nUepCBck5+mAzfO9JrbApNNgaTdGDITg=
golang.org/x/term v0.0.0-20201126162022-7de9c90e9dd1/go.mod h1:bj7SfCRtBDWHUb9snDiAeCFNEtKQo2Wmx5Cou7ajbmo=
golang.org/x/term v0.0.0-20210927222741-03fcf44c2211/go.mod h1:jbD1KX2456YbFQfuXm/mYQcufACuNUgVhRMnK/tPxf8=
golang.org/x/term v0.1.0/go.mod h1:jbD1KX2456YbFQfuXm/mYQcufACuNUgVhRMnK/tPxf8=
golang.org/x/term v0.6.0/go.mod h1:m6U89DPEgQRMq3DNkDClhWw02AUbt2daBVO4cn4Hv9U=
golang.org/x/term v0.11.0 h1:F9tnn/DA/Im8nCwm+fX+1/eBwi4qFjRT++MhtVC4ZX0=
golang.org/x/term v0.11.0/go.mod h1:zC9APTIj3jG3FdV/Ons+XE1riIZXG4aZ4GTHiPZJPIU=
golang.org/x/text v0.3.0/go.mod h1:NqM8EUOU14njkJ3fqMW+pc6Ldnwhi/IjpwHt7yyuwOQ=
golang.org/x/text v0.3.3/go.mod h1:5Zoc/QRtKVWzQhOtBMvqHzDpF6irO9z98xDceosuGiQ=
golang.org/x/text v0.3.7/go.mod h1:u+2+/6zg+i71rQMx5EYifcz6MCKuco9NR6JIITiCfzQ=
golang.org/x/text v0.4.0/go.mod h1:mrYo+phRRbMaCq/xk9113O4dZlRixOauAjOtrjsXDZ8=
golang.org/x/text v0.12.0 h1:k+n5B8goJNdU7hSvEtMUz3d1Q6D/XW4COJSJR6fN0mc=
golang.org/x/text v0.12.0/go.mod h1:TvPlkZtksWOMsz7fbANvkp4WM8x/WCo/om8BMLbz+aE=
golang.org/x/tools v0.0.0-20180917221912-90fa682c2a6e/go.mod h1:n7NCudcB/nEzxVGmLbDWY5pfWTLqBcC2KZ6jyYvM4mQ=
golang.org/x/tools v0.0.0-20191119224855-298f0cb1881e/go.mod h1:b+2E5dAYhXwXZwtnZ6UAqBI28+e2cm9otk0dWdXHAEo=
golang.org/x/tools v0.1.12/go.mod h1:hNGJHUnrk76NpqgfD5Aqm5Crs+Hm0VOH/i9J2+nxYbc=
golang.org/x/xerrors v0.0.0-20190717185122-a985d3407aa7/go.mod h1:I/5z698sn9Ka8TeJc9MKroUUfqBBauWjQqLJ2OPfmY0=
gopkg.in/check.v1 v0.0.0-20161208181325-20d25e280405/go.mod h1:Co6ibVJAznAaIkqp8huTwlJQCZ016jof/cbN4VW5Yz0=
gopkg.in/yaml.v2 v2.2.8 h1:obN1ZagJSUGI0Ek/LBmuj4SNLPfIny3KsKFopxRdj10=
gopkg.in/yaml.v2 v2.2.8/go.mod h1:hI93XBmqTisBFMUTm0b8Fm+jr3Dg1NNxqwp+5A1VGuI=
gopkg.in/yaml.v3 v3.0.0-20200313102051-9f266ea9e77c/go.mod h1:K4uyk7z7BCEPqu6E+C64Yfv1cQ7kz7rIZviUmN+EgEM=
gopkg.in/yaml.v3 v3.0.1 h1:fxVm/GzAzEWqLHuvctI91KS9hhNmmWOoWu0XTYJS7CA=
gopkg.in/yaml.v3 v3.0.1/go.mod h1:K4uyk7z7BCEPqu6E+C64Yfv1cQ7kz7rIZviUmN+EgEM=
