github.com/alessiosavi/ahocorasick v0.0.3 h1:Acuo/zgVEYNI++xfuXlggMxn4+76R7NvxxI8xg+Hj7o=
github.com/alessiosavi/ahocorasick v0.0.3/go.mod h1:GlX7JXZTgFoEccsMg5JZVpjoe+NW7Nk+3b5ldtGP5oU=
github.com/aws/aws-sdk-go-v2 v1.13.0 h1:1XIXAfxsEmbhbj5ry3D3vX+6ZcUYvIqSm4CWWEuGZCA=
github.com/aws/aws-sdk-go-v2 v1.13.0/go.mod h1:L6+ZpqHaLbAaxsqV0L4cvxZY7QupWJB4fhkf8LXvC7w=
github.com/aws/aws-sdk-go-v2/aws/protocol/eventstream v1.2.0 h1:scBthy70MB3m4LCMFaBcmYCyR2XWOz6MxSfdSu/+fQo=
github.com/aws/aws-sdk-go-v2/aws/protocol/eventstream v1.2.0/go.mod h1:oZHzg1OVbuCiRTY0oRPM+c2HQvwnFCGJwKeSqqAJ/yM=
github.com/aws/aws-sdk-go-v2/config v1.13.0 h1:1ij3YPk13RrIn1h+pH+dArh3lNPD5JSAP+ifOkNhnB0=
github.com/aws/aws-sdk-go-v2/config v1.13.0/go.mod h1:Pjv2OafecIn+4miw9VFDCr06YhKyf/oKOkIcpQOgWKk=
github.com/aws/aws-sdk-go-v2/credentials v1.8.0 h1:8Ow0WcyDesGNL0No11jcgb1JAtE+WtubqXjgxau+S0o=
github.com/aws/aws-sdk-go-v2/credentials v1.8.0/go.mod h1:gnMo58Vwx3Mu7hj1wpcG8DI0s57c9o42UQ6wgTQT5to=
github.com/aws/aws-sdk-go-v2/feature/dynamodb/attributevalue v1.6.0 h1:qS/1WpMN7RyJD+qQsS+pwtGxxaRJa3qbf6EP7jZwLIg=
github.com/aws/aws-sdk-go-v2/feature/dynamodb/attributevalue v1.6.0/go.mod h1:LchVYRkk9AQyRgDXWAlJ01H5C1XcODuPK9/RyeCcIYk=
github.com/aws/aws-sdk-go-v2/feature/ec2/imds v1.10.0 h1:NITDuUZO34mqtOwFWZiXo7yAHj7kf+XPE+EiKuCBNUI=
github.com/aws/aws-sdk-go-v2/feature/ec2/imds v1.10.0/go.mod h1:I6/fHT/fH460v09eg2gVrd8B/IqskhNdpcLH0WNO3QI=
github.com/aws/aws-sdk-go-v2/feature/s3/manager v1.9.0 h1:dQYWipBpXgvM+6jz/qxBdNuI+nnerQUazRk5PmTLHlA=
github.com/aws/aws-sdk-go-v2/feature/s3/manager v1.9.0/go.mod h1:2Dy23n/UBFBS9MacM+C/Tgupmq7viabiaHlfdjeN3hk=
github.com/aws/aws-sdk-go-v2/internal/configsources v1.1.4 h1:CRiQJ4E2RhfDdqbie1ZYDo8QtIo75Mk7oTdJSfwJTMQ=
github.com/aws/aws-sdk-go-v2/internal/configsources v1.1.4/go.mod h1:XHgQ7Hz2WY2GAn//UXHofLfPXWh+s62MbMOijrg12Lw=
github.com/aws/aws-sdk-go-v2/internal/endpoints/v2 v2.2.0 h1:3ADoioDMOtF4uiK59vCpplpCwugEU+v4ZFD29jDL3RQ=
github.com/aws/aws-sdk-go-v2/internal/endpoints/v2 v2.2.0/go.mod h1:BsCSJHx5DnDXIrOcqB8KN1/B+hXLG/bi4Y6Vjcx/x9E=
github.com/aws/aws-sdk-go-v2/internal/ini v1.3.4 h1:0NrDHIwS1LIR750ltj6ciiu4NZLpr9rgq8vHi/4QD4s=
github.com/aws/aws-sdk-go-v2/internal/ini v1.3.4/go.mod h1:R3sWUqPcfXSiF/LSFJhjyJmpg9uV6yP2yv3YZZjldVI=
github.com/aws/aws-sdk-go-v2/service/cloudwatchlogs v1.13.0 h1:NfqONXoDwWtBCnkPVz7GL/FKMo/s//TnHSwF+PjzG5c=
github.com/aws/aws-sdk-go-v2/service/cloudwatchlogs v1.13.0/go.mod h1:OFC7Rn7jyPoKtczT+TARRbxKHRmN9nyrJ2rmCc3ewuQ=
github.com/aws/aws-sdk-go-v2/service/dynamodb v1.13.0 h1:Xlmdkxi8WcIwX5Cy9BS+scWcmvARw8pg0bi7kaeERUY=
github.com/aws/aws-sdk-go-v2/service/dynamodb v1.13.0/go.mod h1:eNvoR4P1XQN7xElmYA8cWeFENLY3pfsj/5nFRItzXnA=
github.com/aws/aws-sdk-go-v2/service/dynamodbstreams v1.11.0 h1:QN/wfWh/FJud6IKobe7QUMw1J0NfdZVtqvndyFgofCg=
github.com/aws/aws-sdk-go-v2/service/dynamodbstreams v1.11.0/go.mod h1:tS6jI0oPA0cVqUdZJe0qea1u7YnCejeTi4o6rAk9VO0=
github.com/aws/aws-sdk-go-v2/service/ec2 v1.28.0 h1:2laBfBPJmPIXSoB4vPFCIpYFyEoF5tJ7bVRa3jPDPAc=
github.com/aws/aws-sdk-go-v2/service/ec2 v1.28.0/go.mod h1:HoTu0hnXGafTpKIZQ60jw0ybhhCH1QYf20oL7GEJFdg=
github.com/aws/aws-sdk-go-v2/service/ecr v1.14.0 h1:AAZJJAENsQ4yYbnfvqPZT8Nc1YlEd5CZ4usymlC2b4U=
github.com/aws/aws-sdk-go-v2/service/ecr v1.14.0/go.mod h1:a3WUi3JjM3MFtIYenSYPJ7UZPXsw7U7vzebnynxucks=
github.com/aws/aws-sdk-go-v2/service/glue v1.19.0 h1:YCzvfAe//2uKuJGOT+sBPPeW2aS0154x+ZuDLVfekPM=
github.com/aws/aws-sdk-go-v2/service/glue v1.19.0/go.mod h1:13vCQC+Vk10mWzfYBy0w+ZCp86bEe6cBfGYl/K/8GE8=
github.com/aws/aws-sdk-go-v2/service/iam v1.16.0 h1:A4sCxN1jRqmF90FXjYpai1H4z2jeii4USIh12PAv9VQ=
github.com/aws/aws-sdk-go-v2/service/iam v1.16.0/go.mod h1:Nz3L2VG2bK1gJqZejQpBNpMHORGHre5GRAC2v8v8ZDM=
github.com/aws/aws-sdk-go-v2/service/internal/accept-encoding v1.7.0 h1:F1diQIOkNn8jcez4173r+PLPdkWK7chy74r3fKpDrLI=
github.com/aws/aws-sdk-go-v2/service/internal/accept-encoding v1.7.0/go.mod h1:8ctElVINyp+SjhoZZceUAZw78glZH6R8ox5MVNu5j2s=
github.com/aws/aws-sdk-go-v2/service/internal/endpoint-discovery v1.5.0 h1:tzVhIPr/psp8Gb2Blst9mq6HklkhAGPqv2eaiSq6yoU=
github.com/aws/aws-sdk-go-v2/service/internal/endpoint-discovery v1.5.0/go.mod h1:u0rI/Mm45zCJe86J5kvPfG7pYzkVZzNjEkoTVbfOYE8=
github.com/aws/aws-sdk-go-v2/service/internal/presigned-url v1.7.0 h1:4QAOB3KrvI1ApJK14sliGr3Ie2pjyvNypn/lfzDHfUw=
github.com/aws/aws-sdk-go-v2/service/internal/presigned-url v1.7.0/go.mod h1:K/qPe6AP2TGYv4l6n7c88zh9jWBDf6nHhvg1fx/EWfU=
github.com/aws/aws-sdk-go-v2/service/internal/s3shared v1.11.0 h1:XAe+PDnaBELHr25qaJKfB415V4CKFWE8H+prUreql8k=
github.com/aws/aws-sdk-go-v2/service/internal/s3shared v1.11.0/go.mod h1:RMlgnt1LbOT2BxJ3cdw+qVz7KL84714LFkWtF6sLI7A=
github.com/aws/aws-sdk-go-v2/service/lambda v1.17.0 h1:srsnTp5wXXOepYDIUQBT6l1vUPeX+7RCj/5HpQsgOKE=
github.com/aws/aws-sdk-go-v2/service/lambda v1.17.0/go.mod h1:f455vPZOlCYuN4IYrjwVnaE7ZhUQroFD4SELrkbfibI=
github.com/aws/aws-sdk-go-v2/service/rds v1.16.0 h1:xYxIpmqlnc+U/miylJaNmEty34MC4BmxpVOqkF2DFpo=
github.com/aws/aws-sdk-go-v2/service/rds v1.16.0/go.mod h1:U1tzFmWLyt4AqSRLONL0RXcYsQg0huiInDdRmCecz1w=
github.com/aws/aws-sdk-go-v2/service/s3 v1.24.0 h1:REKac2iT0HYxUSzqOSuncnmsZnE3m4MlGfo1dOUN3vg=
github.com/aws/aws-sdk-go-v2/service/s3 v1.24.0/go.mod h1:oIUXg/5F0x0gy6nkwEnlxZboueddwPEKO6Xl+U6/3a0=
github.com/aws/aws-sdk-go-v2/service/secretsmanager v1.13.0 h1:VKvs4yx3nrcyBJcj4iSy5UI/Awdsa0fbDKesiNwPuZY=
github.com/aws/aws-sdk-go-v2/service/secretsmanager v1.13.0/go.mod h1:5Oibvfj4kc6CE70qamrlOU+KSO/JWANgxIVbesvSMCE=
github.com/aws/aws-sdk-go-v2/service/sesv2 v1.11.0 h1:A1rZBeIjaqaD9LHIMrcDKtmAZx/i+nCGdc03gBvt+Ew=
github.com/aws/aws-sdk-go-v2/service/sesv2 v1.11.0/go.mod h1:BRFwsf2Wppu7Y+7bH9CRca4BNZLOcVinJMgpGxY6rMg=
github.com/aws/aws-sdk-go-v2/service/ssm v1.20.0 h1:MXz5QUThErWQa8axFIHOciP+Pq+5GZ3mku0xZTPqnak=
github.com/aws/aws-sdk-go-v2/service/ssm v1.20.0/go.mod h1:PMKPCbgvdSQ/IYzF8FSYor1NSfiLXLXfKFmShw2tDNM=
github.com/aws/aws-sdk-go-v2/service/sso v1.9.0 h1:1qLJeQGBmNQW3mBNzK2CFmrQNmoXWrscPqsrAaU1aTA=
github.com/aws/aws-sdk-go-v2/service/sso v1.9.0/go.mod h1:vCV4glupK3tR7pw7ks7Y4jYRL86VvxS+g5qk04YeWrU=
github.com/aws/aws-sdk-go-v2/service/sts v1.14.0 h1:ksiDXhvNYg0D2/UFkLejsaz3LqpW5yjNQ8Nx9Sn2c0E=
github.com/aws/aws-sdk-go-v2/service/sts v1.14.0/go.mod h1:u0xMJKDvvfocRjiozsoZglVNXRG19043xzp3r2ivLIk=
github.com/aws/aws-sdk-go-v2/service/workspaces v1.14.0 h1:+nni1BK1EcZhfATKT5eqqhVtzvedvxcFMh8DPI7v43Y=
github.com/aws/aws-sdk-go-v2/service/workspaces v1.14.0/go.mod h1:uE3To3QwSL0edPoJTIzc8zj2wVBVrXWRx7RiEo6f1nU=
github.com/aws/smithy-go v1.10.0 h1:gsoZQMNHnX+PaghNw4ynPsyGP7aUCqx5sY2dlPQsZ0w=
github.com/aws/smithy-go v1.10.0/go.mod h1:SObp3lf9smib00L/v3U2eAKG8FyQ7iLrJnQiAmR5n+E=
github.com/davecgh/go-spew v1.1.0/go.mod h1:J7Y8YcW2NihsgmVo/mv3lAwl/skON4iLHjSsI+c5H38=
github.com/davecgh/go-spew v1.1.1 h1:vj9j/u1bqnvCEfJOwUhtlOARqs3+rkHYY13jYWTU97c=
github.com/davecgh/go-spew v1.1.1/go.mod h1:J7Y8YcW2NihsgmVo/mv3lAwl/skON4iLHjSsI+c5H38=
github.com/google/go-cmp v0.5.4/go.mod h1:v8dTdLbMG2kIc/vJvl+f65V22dbkXbowE6jgT/gNBxE=
github.com/google/go-cmp v0.5.6 h1:BKbKCqvP6I+rmFHt06ZmyQtvB8xAkWdhFyr0ZUNZcxQ=
github.com/google/go-cmp v0.5.6/go.mod h1:v8dTdLbMG2kIc/vJvl+f65V22dbkXbowE6jgT/gNBxE=
github.com/jmespath/go-jmespath v0.4.0 h1:BEgLn5cpjn8UN1mAw4NjwDrS35OdebyEtFe+9YPoQUg=
github.com/jmespath/go-jmespath v0.4.0/go.mod h1:T8mJZnbsbmF+m6zOOFylbeCJqk5+pHWvzYPziyZiYoo=
github.com/jmespath/go-jmespath/internal/testify v1.5.1 h1:shLQSRRSCCPj3f2gpwzGwWFoC7ycTf1rcQZHOlsJ6N8=
github.com/jmespath/go-jmespath/internal/testify v1.5.1/go.mod h1:L3OGu8Wl2/fWfCI6z80xFu9LTZmf1ZRjMHUOPmWr69U=
github.com/k0kubun/go-ansi v0.0.0-20180517002512-3bf9e2903213/go.mod h1:vNUNkEQ1e29fT/6vq2aBdFsgNPmy8qMdSay1npru+Sw=
github.com/kr/fs v0.1.0 h1:Jskdu9ieNAYnjxsi0LbQp1ulIKZV1LAFgK1tWhpZgl8=
github.com/kr/fs v0.1.0/go.mod h1:FFnZGqtBN9Gxj7eW1uZ42v5BccTP0vu6NEaFoC2HwRg=
github.com/lib/pq v1.10.4 h1:SO9z7FRPzA03QhHKJrH5BXA6HU1rS4V2nIVrrNC1iYk=
github.com/lib/pq v1.10.4/go.mod h1:AlVN5x4E4T544tWzH6hKfbfQvm3HdbOxrmggDNAPY9o=
github.com/mattn/go-isatty v0.0.14/go.mod h1:7GGIvUiUoEMVVmxf/4nioHXj79iQHKdU27kJ6hsGG94=
github.com/mattn/go-runewidth v0.0.13 h1:lTGmDsbAYt5DmK6OnoV7EuIF1wEIFAcxld6ypU4OSgU=
github.com/mattn/go-runewidth v0.0.13/go.mod h1:Jdepj2loyihRzMpdS35Xk/zdY8IAYHsh153qUoGf23w=
github.com/mitchellh/colorstring v0.0.0-20190213212951-d06e56a500db h1:62I3jR2EmQ4l5rM/4FEfDWcRD+abF5XlKShorW5LRoQ=
github.com/mitchellh/colorstring v0.0.0-20190213212951-d06e56a500db/go.mod h1:l0dey0ia/Uv7NcFFVbCLtqEBQbrT4OCwCSKTEv6enCw=
github.com/pkg/errors v0.9.1 h1:FEBLx1zS214owpjy7qsBeixbURkuhQAwrK5UwLGTwt4=
github.com/pkg/errors v0.9.1/go.mod h1:bwawxfHBFNV+L2hUp1rHADufV3IMtnDRdf1r5NINEl0=
github.com/pkg/sftp v1.13.4 h1:Lb0RYJCmgUcBgZosfoi9Y9sbl6+LJgOIgk/2Y4YjMFg=
github.com/pkg/sftp v1.13.4/go.mod h1:LzqnAvaD5TWeNBsZpfKxSYn1MbjWwOsCIAFFJbpIsK8=
github.com/pmezard/go-difflib v1.0.0 h1:4DBwDE0NGyQoBHbLQYPwSUPoCMWR5BEzIk/f1lZbAQM=
github.com/pmezard/go-difflib v1.0.0/go.mod h1:iKH77koFhYxTK1pcRnkKkqfTogsbg7gZNVY4sRDYZ/4=
github.com/rivo/uniseg v0.2.0 h1:S1pD9weZBuJdFmowNwbpi7BJ8TNftyUImj/0WQi72jY=
github.com/rivo/uniseg v0.2.0/go.mod h1:J6wj4VEh+S6ZtnVlnTBMWIodfgj8LQOQFoIToxlJtxc=
github.com/schollz/progressbar/v3 v3.8.5 h1:VcmmNRO+eFN3B0m5dta6FXYXY+MEJmXdWoIS+jjssQM=
github.com/schollz/progressbar/v3 v3.8.5/go.mod h1:ewO25kD7ZlaJFTvMeOItkOZa8kXu1UvFs379htE8HMQ=
github.com/stretchr/objx v0.1.0/go.mod h1:HFkY916IF+rwdDfMAkV7OtwuqBVzrE8GR6GFx+wExME=
github.com/stretchr/testify v1.3.0/go.mod h1:M5WIy9Dh21IEIfnGCwXGc5bZfKNJtfHm1UVUgZn+9EI=
github.com/stretchr/testify v1.7.0 h1:nwc3DEeHmmLAfoZucVR881uASk0Mfjw8xYJ99tb5CcY=
github.com/stretchr/testify v1.7.0/go.mod h1:6Fq8oRcR53rry900zMqJjRRixrwX3KX962/h/Wwjteg=
golang.org/x/crypto v0.0.0-20210421170649-83a5a9bb288b/go.mod h1:T9bdIzuCu7OtxOm1hfPfRQxPLYneinmdGuTeoZ9dtd4=
golang.org/x/crypto v0.0.0-20211215153901-e495a2d5b3d3/go.mod h1:IxCIyHEi3zRg3s0A5j5BB6A9Jmi73HwBIUl50j+osU4=
golang.org/x/crypto v0.0.0-20220112180741-5e0467b6c7ce h1:Roh6XWxHFKrPgC/EQhVubSAGQ6Ozk6IdxHSzt1mR0EI=
golang.org/x/crypto v0.0.0-20220112180741-5e0467b6c7ce/go.mod h1:IxCIyHEi3zRg3s0A5j5BB6A9Jmi73HwBIUl50j+osU4=
golang.org/x/net v0.0.0-20210226172049-e18ecbb05110/go.mod h1:m0MpNAwzfU5UDzcl9v0D8zg8gWTRqZa9RBIspLL5mdg=
golang.org/x/net v0.0.0-20211112202133-69e39bad7dc2/go.mod h1:9nx3DQGgdP8bBQD5qxJ1jj9UTztislL4KSBs9R2vV5Y=
golang.org/x/net v0.0.0-20220121210141-e204ce36a2ba h1:6u6sik+bn/y7vILcYkK3iwTBWN7WtBvB0+SZswQnbf8=
golang.org/x/net v0.0.0-20220121210141-e204ce36a2ba/go.mod h1:CfG3xpIq0wQ8r1q4Su4UZFWDARRcnwPjda9FqA0JpMk=
golang.org/x/sys v0.0.0-20201119102817-f84b799fce68/go.mod h1:h1NjWce9XRLGQEsW7wpKNCjG9DtNlClVuFLEZdDNbEs=
golang.org/x/sys v0.0.0-20210423082822-04245dca01da/go.mod h1:h1NjWce9XRLGQEsW7wpKNCjG9DtNlClVuFLEZdDNbEs=
golang.org/x/sys v0.0.0-20210423185535-09eb48e85fd7/go.mod h1:h1NjWce9XRLGQEsW7wpKNCjG9DtNlClVuFLEZdDNbEs=
golang.org/x/sys v0.0.0-20210615035016-665e8c7367d1/go.mod h1:oPkhp1MJrh7nUepCBck5+mAzfO9JrbApNNgaTdGDITg=
golang.org/x/sys v0.0.0-20210630005230-0f9fa26af87c/go.mod h1:oPkhp1MJrh7nUepCBck5+mAzfO9JrbApNNgaTdGDITg=
golang.org/x/sys v0.0.0-20211216021012-1d35b9e2eb4e h1:fLOSk5Q00efkSvAm+4xcoXD+RRmLmmulPn5I3Y9F2EM=
golang.org/x/sys v0.0.0-20211216021012-1d35b9e2eb4e/go.mod h1:oPkhp1MJrh7nUepCBck5+mAzfO9JrbApNNgaTdGDITg=
golang.org/x/term v0.0.0-20201126162022-7de9c90e9dd1/go.mod h1:bj7SfCRtBDWHUb9snDiAeCFNEtKQo2Wmx5Cou7ajbmo=
golang.org/x/term v0.0.0-20210927222741-03fcf44c2211 h1:JGgROgKl9N8DuW20oFS5gxc+lE67/N3FcwmBPMe7ArY=
golang.org/x/term v0.0.0-20210927222741-03fcf44c2211/go.mod h1:jbD1KX2456YbFQfuXm/mYQcufACuNUgVhRMnK/tPxf8=
golang.org/x/text v0.3.3/go.mod h1:5Zoc/QRtKVWzQhOtBMvqHzDpF6irO9z98xDceosuGiQ=
golang.org/x/text v0.3.6/go.mod h1:5Zoc/QRtKVWzQhOtBMvqHzDpF6irO9z98xDceosuGiQ=
golang.org/x/text v0.3.7 h1:olpwvP2KacW1ZWvsR7uQhoyTYvKAupfQrRGBFM352Gk=
golang.org/x/text v0.3.7/go.mod h1:u+2+/6zg+i71rQMx5EYifcz6MCKuco9NR6JIITiCfzQ=
golang.org/x/tools v0.0.0-20180917221912-90fa682c2a6e/go.mod h1:n7NCudcB/nEzxVGmLbDWY5pfWTLqBcC2KZ6jyYvM4mQ=
golang.org/x/xerrors v0.0.0-20191204190536-9bdfabe68543 h1:E7g+9GITq07hpfrRu66IVDexMakfv52eLZ2CXBWiKr4=
golang.org/x/xerrors v0.0.0-20191204190536-9bdfabe68543/go.mod h1:I/5z698sn9Ka8TeJc9MKroUUfqBBauWjQqLJ2OPfmY0=
gopkg.in/check.v1 v0.0.0-20161208181325-20d25e280405/go.mod h1:Co6ibVJAznAaIkqp8huTwlJQCZ016jof/cbN4VW5Yz0=
gopkg.in/yaml.v2 v2.2.8 h1:obN1ZagJSUGI0Ek/LBmuj4SNLPfIny3KsKFopxRdj10=
gopkg.in/yaml.v2 v2.2.8/go.mod h1:hI93XBmqTisBFMUTm0b8Fm+jr3Dg1NNxqwp+5A1VGuI=
gopkg.in/yaml.v3 v3.0.0-20200313102051-9f266ea9e77c/go.mod h1:K4uyk7z7BCEPqu6E+C64Yfv1cQ7kz7rIZviUmN+EgEM=
gopkg.in/yaml.v3 v3.0.0-20200605160147-a5ece683394c h1:grhR+C34yXImVGp7EzNk+DTIk+323eIUWOmEevy6bDo=
gopkg.in/yaml.v3 v3.0.0-20200605160147-a5ece683394c/go.mod h1:K4uyk7z7BCEPqu6E+C64Yfv1cQ7kz7rIZviUmN+EgEM=
